
Microsoft Visual Studio Solution File, Format Version 12.00
# Visual Studio Version 17
VisualStudioVersion = 17.4.33205.214
MinimumVisualStudioVersion = 10.0.40219.1
Project("{888888A0-9F3D-457C-B088-3A5042F75D52}") = "Kontrolltöö Kordused", "Kontrolltöö Kordused.pyproj", "{FFC76807-318B-4AF6-8C3C-ABEB239B67F3}"
EndProject
Global
	GlobalSection(SolutionConfigurationPlatforms) = preSolution
		Debug|Any CPU = Debug|Any CPU
		Release|Any CPU = Release|Any CPU
	EndGlobalSection
	GlobalSection(ProjectConfigurationPlatforms) = postSolution
		{FFC76807-318B-4AF6-8C3C-ABEB239B67F3}.Debug|Any CPU.ActiveCfg = Debug|Any CPU
		{FFC76807-318B-4AF6-8C3C-ABEB239B67F3}.Release|Any CPU.ActiveCfg = Release|Any CPU
	EndGlobalSection
	GlobalSection(SolutionProperties) = preSolution
		HideSolutionNode = FALSE
	EndGlobalSection
	GlobalSection(ExtensibilityGlobals) = postSolution
		SolutionGuid = {0799720B-310B-4C21-AA3A-8A2DF9845308}
	EndGlobalSection
EndGlobal
